// !$*UTF8*$!
{
	archiveVersion = 1;
	classes = {
	};
	objectVersion = 55;
	objects = {

/* Begin PBXBuildFile section */
		409DE5DC28D766900042D8C3 /* CharacterTableViewCell.swift in Sources */ = {isa = PBXBuildFile; fileRef = 409DE5DA28D766900042D8C3 /* CharacterTableViewCell.swift */; };
		409DE5DD28D766900042D8C3 /* CharacterTableViewCell.xib in Resources */ = {isa = PBXBuildFile; fileRef = 409DE5DB28D766900042D8C3 /* CharacterTableViewCell.xib */; };
		409DE5DF28D7677E0042D8C3 /* CharacterTableViewCellModel.swift in Sources */ = {isa = PBXBuildFile; fileRef = 409DE5DE28D7677E0042D8C3 /* CharacterTableViewCellModel.swift */; };
		409DE5E228D767EF0042D8C3 /* Kingfisher in Frameworks */ = {isa = PBXBuildFile; productRef = 409DE5E128D767EF0042D8C3 /* Kingfisher */; };
		40A76C6228D7505600A1399E /* AppDelegate.swift in Sources */ = {isa = PBXBuildFile; fileRef = 40A76C6128D7505600A1399E /* AppDelegate.swift */; };
		40A76C6428D7505600A1399E /* SceneDelegate.swift in Sources */ = {isa = PBXBuildFile; fileRef = 40A76C6328D7505600A1399E /* SceneDelegate.swift */; };
		40A76C6928D7505600A1399E /* Main.storyboard in Resources */ = {isa = PBXBuildFile; fileRef = 40A76C6728D7505600A1399E /* Main.storyboard */; };
		40A76C6B28D7505700A1399E /* Assets.xcassets in Resources */ = {isa = PBXBuildFile; fileRef = 40A76C6A28D7505700A1399E /* Assets.xcassets */; };
		40A76C6E28D7505700A1399E /* LaunchScreen.storyboard in Resources */ = {isa = PBXBuildFile; fileRef = 40A76C6C28D7505700A1399E /* LaunchScreen.storyboard */; };
		40A76C7A28D750DA00A1399E /* MainPageViewController.swift in Sources */ = {isa = PBXBuildFile; fileRef = 40A76C7928D750DA00A1399E /* MainPageViewController.swift */; };
		40A76C7C28D751C700A1399E /* MainPageViewModel.swift in Sources */ = {isa = PBXBuildFile; fileRef = 40A76C7B28D751C700A1399E /* MainPageViewModel.swift */; };
		40A76C7F28D7535D00A1399E /* NetworkManager.swift in Sources */ = {isa = PBXBuildFile; fileRef = 40A76C7E28D7535D00A1399E /* NetworkManager.swift */; };
		40A76C8128D7540F00A1399E /* RickAndMortyCharacterModel.swift in Sources */ = {isa = PBXBuildFile; fileRef = 40A76C8028D7540F00A1399E /* RickAndMortyCharacterModel.swift */; };
/* End PBXBuildFile section */

/* Begin PBXFileReference section */
		409DE5DA28D766900042D8C3 /* CharacterTableViewCell.swift */ = {isa = PBXFileReference; lastKnownFileType = sourcecode.swift; path = CharacterTableViewCell.swift; sourceTree = "<group>"; };
		409DE5DB28D766900042D8C3 /* CharacterTableViewCell.xib */ = {isa = PBXFileReference; lastKnownFileType = file.xib; path = CharacterTableViewCell.xib; sourceTree = "<group>"; };
		409DE5DE28D7677E0042D8C3 /* CharacterTableViewCellModel.swift */ = {isa = PBXFileReference; lastKnownFileType = sourcecode.swift; path = CharacterTableViewCellModel.swift; sourceTree = "<group>"; };
		40A76C5E28D7505600A1399E /* BootcampKonuTekrari.app */ = {isa = PBXFileReference; explicitFileType = wrapper.application; includeInIndex = 0; path = BootcampKonuTekrari.app; sourceTree = BUILT_PRODUCTS_DIR; };
		40A76C6128D7505600A1399E /* AppDelegate.swift */ = {isa = PBXFileReference; lastKnownFileType = sourcecode.swift; path = AppDelegate.swift; sourceTree = "<group>"; };
		40A76C6328D7505600A1399E /* SceneDelegate.swift */ = {isa = PBXFileReference; lastKnownFileType = sourcecode.swift; path = SceneDelegate.swift; sourceTree = "<group>"; };
		40A76C6828D7505600A1399E /* Base */ = {isa = PBXFileReference; lastKnownFileType = file.storyboard; name = Base; path = Base.lproj/Main.storyboard; sourceTree = "<group>"; };
		40A76C6A28D7505700A1399E /* Assets.xcassets */ = {isa = PBXFileReference; lastKnownFileType = folder.assetcatalog; path = Assets.xcassets; sourceTree = "<group>"; };
		40A76C6D28D7505700A1399E /* Base */ = {isa = PBXFileReference; lastKnownFileType = file.storyboard; name = Base; path = Base.lproj/LaunchScreen.storyboard; sourceTree = "<group>"; };
		40A76C6F28D7505700A1399E /* Info.plist */ = {isa = PBXFileReference; lastKnownFileType = text.plist.xml; path = Info.plist; sourceTree = "<group>"; };
		40A76C7928D750DA00A1399E /* MainPageViewController.swift */ = {isa = PBXFileReference; lastKnownFileType = sourcecode.swift; path = MainPageViewController.swift; sourceTree = "<group>"; };
		40A76C7B28D751C700A1399E /* MainPageViewModel.swift */ = {isa = PBXFileReference; lastKnownFileType = sourcecode.swift; path = MainPageViewModel.swift; sourceTree = "<group>"; };
		40A76C7E28D7535D00A1399E /* NetworkManager.swift */ = {isa = PBXFileReference; lastKnownFileType = sourcecode.swift; path = NetworkManager.swift; sourceTree = "<group>"; };
		40A76C8028D7540F00A1399E /* RickAndMortyCharacterModel.swift */ = {isa = PBXFileReference; lastKnownFileType = sourcecode.swift; path = RickAndMortyCharacterModel.swift; sourceTree = "<group>"; };
/* End PBXFileReference section */

/* Begin PBXFrameworksBuildPhase section */
		40A76C5B28D7505600A1399E /* Frameworks */ = {
			isa = PBXFrameworksBuildPhase;
			buildActionMask = 2147483647;
			files = (
				409DE5E228D767EF0042D8C3 /* Kingfisher in Frameworks */,
			);
			runOnlyForDeploymentPostprocessing = 0;
		};
/* End PBXFrameworksBuildPhase section */

/* Begin PBXGroup section */
		40A76C5528D7505600A1399E = {
			isa = PBXGroup;
			children = (
				40A76C6028D7505600A1399E /* BootcampKonuTekrari */,
				40A76C5F28D7505600A1399E /* Products */,
			);
			sourceTree = "<group>";
		};
		40A76C5F28D7505600A1399E /* Products */ = {
			isa = PBXGroup;
			children = (
				40A76C5E28D7505600A1399E /* BootcampKonuTekrari.app */,
			);
			name = Products;
			sourceTree = "<group>";
		};
		40A76C6028D7505600A1399E /* BootcampKonuTekrari */ = {
			isa = PBXGroup;
			children = (
				40A76C7D28D7535200A1399E /* Network */,
				40A76C7728D7509100A1399E /* Screens */,
				40A76C7628D7506B00A1399E /* Assets */,
				40A76C7528D7506300A1399E /* App Files */,
				40A76C6728D7505600A1399E /* Main.storyboard */,
				40A76C6C28D7505700A1399E /* LaunchScreen.storyboard */,
				40A76C6F28D7505700A1399E /* Info.plist */,
			);
			path = BootcampKonuTekrari;
			sourceTree = "<group>";
		};
		40A76C7528D7506300A1399E /* App Files */ = {
			isa = PBXGroup;
			children = (
				40A76C6328D7505600A1399E /* SceneDelegate.swift */,
				40A76C6128D7505600A1399E /* AppDelegate.swift */,
			);
			path = "App Files";
			sourceTree = "<group>";
		};
		40A76C7628D7506B00A1399E /* Assets */ = {
			isa = PBXGroup;
			children = (
				40A76C6A28D7505700A1399E /* Assets.xcassets */,
			);
			path = Assets;
			sourceTree = "<group>";
		};
		40A76C7728D7509100A1399E /* Screens */ = {
			isa = PBXGroup;
			children = (
				40A76C7828D750A800A1399E /* Main Page */,
			);
			path = Screens;
			sourceTree = "<group>";
		};
		40A76C7828D750A800A1399E /* Main Page */ = {
			isa = PBXGroup;
			children = (
				40A76C8228D7665400A1399E /* Cell */,
				40A76C7928D750DA00A1399E /* MainPageViewController.swift */,
				40A76C7B28D751C700A1399E /* MainPageViewModel.swift */,
			);
			path = "Main Page";
			sourceTree = "<group>";
		};
		40A76C7D28D7535200A1399E /* Network */ = {
			isa = PBXGroup;
			children = (
				40A76C7E28D7535D00A1399E /* NetworkManager.swift */,
				40A76C8028D7540F00A1399E /* RickAndMortyCharacterModel.swift */,
			);
			path = Network;
			sourceTree = "<group>";
		};
		40A76C8228D7665400A1399E /* Cell */ = {
			isa = PBXGroup;
			children = (
				409DE5DA28D766900042D8C3 /* CharacterTableViewCell.swift */,
				409DE5DB28D766900042D8C3 /* CharacterTableViewCell.xib */,
				409DE5DE28D7677E0042D8C3 /* CharacterTableViewCellModel.swift */,
			);
			path = Cell;
			sourceTree = "<group>";
		};
/* End PBXGroup section */

/* Begin PBXNativeTarget section */
		40A76C5D28D7505600A1399E /* BootcampKonuTekrari */ = {
			isa = PBXNativeTarget;
			buildConfigurationList = 40A76C7228D7505700A1399E /* Build configuration list for PBXNativeTarget "BootcampKonuTekrari" */;
			buildPhases = (
				40A76C5A28D7505600A1399E /* Sources */,
				40A76C5B28D7505600A1399E /* Frameworks */,
				40A76C5C28D7505600A1399E /* Resources */,
			);
			buildRules = (
			);
			dependencies = (
			);
			name = BootcampKonuTekrari;
			packageProductDependencies = (
				409DE5E128D767EF0042D8C3 /* Kingfisher */,
			);
			productName = BootcampKonuTekrari;
			productReference = 40A76C5E28D7505600A1399E /* BootcampKonuTekrari.app */;
			productType = "com.apple.product-type.application";
		};
/* End PBXNativeTarget section */

/* Begin PBXProject section */
		40A76C5628D7505600A1399E /* Project object */ = {
			isa = PBXProject;
			attributes = {
				BuildIndependentTargetsInParallel = 1;
				LastSwiftUpdateCheck = 1340;
				LastUpgradeCheck = 1340;
				TargetAttributes = {
					40A76C5D28D7505600A1399E = {
						CreatedOnToolsVersion = 13.4.1;
					};
				};
			};
			buildConfigurationList = 40A76C5928D7505600A1399E /* Build configuration list for PBXProject "BootcampKonuTekrari" */;
			compatibilityVersion = "Xcode 13.0";
			developmentRegion = en;
			hasScannedForEncodings = 0;
			knownRegions = (
				en,
				Base,
			);
			mainGroup = 40A76C5528D7505600A1399E;
			packageReferences = (
				409DE5E028D767EF0042D8C3 /* XCRemoteSwiftPackageReference "Kingfisher" */,
			);
			productRefGroup = 40A76C5F28D7505600A1399E /* Products */;
			projectDirPath = "";
			projectRoot = "";
			targets = (
				40A76C5D28D7505600A1399E /* BootcampKonuTekrari */,
			);
		};
/* End PBXProject section */

/* Begin PBXResourcesBuildPhase section */
		40A76C5C28D7505600A1399E /* Resources */ = {
			isa = PBXResourcesBuildPhase;
			buildActionMask = 2147483647;
			files = (
				40A76C6E28D7505700A1399E /* LaunchScreen.storyboard in Resources */,
				40A76C6B28D7505700A1399E /* Assets.xcassets in Resources */,
				40A76C6928D7505600A1399E /* Main.storyboard in Resources */,
				409DE5DD28D766900042D8C3 /* CharacterTableViewCell.xib in Resources */,
			);
			runOnlyForDeploymentPostprocessing = 0;
		};
/* End PBXResourcesBuildPhase section */

/* Begin PBXSourcesBuildPhase section */
		40A76C5A28D7505600A1399E /* Sources */ = {
			isa = PBXSourcesBuildPhase;
			buildActionMask = 2147483647;
			files = (
				40A76C7C28D751C700A1399E /* MainPageViewModel.swift in Sources */,
				409DE5DC28D766900042D8C3 /* CharacterTableViewCell.swift in Sources */,
				40A76C6228D7505600A1399E /* AppDelegate.swift in Sources */,
				40A76C7F28D7535D00A1399E /* NetworkManager.swift in Sources */,
				40A76C7A28D750DA00A1399E /* MainPageViewController.swift in Sources */,
				40A76C8128D7540F00A1399E /* RickAndMortyCharacterModel.swift in Sources */,
				40A76C6428D7505600A1399E /* SceneDelegate.swift in Sources */,
				409DE5DF28D7677E0042D8C3 /* CharacterTableViewCellModel.swift in Sources */,
			);
			runOnlyForDeploymentPostprocessing = 0;
		};
/* End PBXSourcesBuildPhase section */

/* Begin PBXVariantGroup section */
		40A76C6728D7505600A1399E /* Main.storyboard */ = {
			isa = PBXVariantGroup;
			children = (
				40A76C6828D7505600A1399E /* Base */,
			);
			name = Main.storyboard;
			sourceTree = "<group>";
		};
		40A76C6C28D7505700A1399E /* LaunchScreen.storyboard */ = {
			isa = PBXVariantGroup;
			children = (
				40A76C6D28D7505700A1399E /* Base */,
			);
			name = LaunchScreen.storyboard;
			sourceTree = "<group>";
		};
/* End PBXVariantGroup section */

/* Begin XCBuildConfiguration section */
		40A76C7028D7505700A1399E /* Debug */ = {
			isa = XCBuildConfiguration;
			buildSettings = {
				ALWAYS_SEARCH_USER_PATHS = NO;
				CLANG_ANALYZER_NONNULL = YES;
				CLANG_ANALYZER_NUMBER_OBJECT_CONVERSION = YES_AGGRESSIVE;
				CLANG_CXX_LANGUAGE_STANDARD = "gnu++17";
				CLANG_ENABLE_MODULES = YES;
				CLANG_ENABLE_OBJC_ARC = YES;
				CLANG_ENABLE_OBJC_WEAK = YES;
				CLANG_WARN_BLOCK_CAPTURE_AUTORELEASING = YES;
				CLANG_WARN_BOOL_CONVERSION = YES;
				CLANG_WARN_COMMA = YES;
				CLANG_WARN_CONSTANT_CONVERSION = YES;
				CLANG_WARN_DEPRECATED_OBJC_IMPLEMENTATIONS = YES;
				CLANG_WARN_DIRECT_OBJC_ISA_USAGE = YES_ERROR;
				CLANG_WARN_DOCUMENTATION_COMMENTS = YES;
				CLANG_WARN_EMPTY_BODY = YES;
				CLANG_WARN_ENUM_CONVERSION = YES;
				CLANG_WARN_INFINITE_RECURSION = YES;
				CLANG_WARN_INT_CONVERSION = YES;
				CLANG_WARN_NON_LITERAL_NULL_CONVERSION = YES;
				CLANG_WARN_OBJC_IMPLICIT_RETAIN_SELF = YES;
				CLANG_WARN_OBJC_LITERAL_CONVERSION = YES;
				CLANG_WARN_OBJC_ROOT_CLASS = YES_ERROR;
				CLANG_WARN_QUOTED_INCLUDE_IN_FRAMEWORK_HEADER = YES;
				CLANG_WARN_RANGE_LOOP_ANALYSIS = YES;
				CLANG_WARN_STRICT_PROTOTYPES = YES;
				CLANG_WARN_SUSPICIOUS_MOVE = YES;
				CLANG_WARN_UNGUARDED_AVAILABILITY = YES_AGGRESSIVE;
				CLANG_WARN_UNREACHABLE_CODE = YES;
				CLANG_WARN__DUPLICATE_METHOD_MATCH = YES;
				COPY_PHASE_STRIP = NO;
				DEBUG_INFORMATION_FORMAT = dwarf;
				ENABLE_STRICT_OBJC_MSGSEND = YES;
				ENABLE_TESTABILITY = YES;
				GCC_C_LANGUAGE_STANDARD = gnu11;
				GCC_DYNAMIC_NO_PIC = NO;
				GCC_NO_COMMON_BLOCKS = YES;
				GCC_OPTIMIZATION_LEVEL = 0;
				GCC_PREPROCESSOR_DEFINITIONS = (
					"DEBUG=1",
					"$(inherited)",
				);
				GCC_WARN_64_TO_32_BIT_CONVERSION = YES;
				GCC_WARN_ABOUT_RETURN_TYPE = YES_ERROR;
				GCC_WARN_UNDECLARED_SELECTOR = YES;
				GCC_WARN_UNINITIALIZED_AUTOS = YES_AGGRESSIVE;
				GCC_WARN_UNUSED_FUNCTION = YES;
				GCC_WARN_UNUSED_VARIABLE = YES;
				IPHONEOS_DEPLOYMENT_TARGET = 15.5;
				MTL_ENABLE_DEBUG_INFO = INCLUDE_SOURCE;
				MTL_FAST_MATH = YES;
				ONLY_ACTIVE_ARCH = YES;
				SDKROOT = iphoneos;
				SWIFT_ACTIVE_COMPILATION_CONDITIONS = DEBUG;
				SWIFT_OPTIMIZATION_LEVEL = "-Onone";
			};
			name = Debug;
		};
		40A76C7128D7505700A1399E /* Release */ = {
			isa = XCBuildConfiguration;
			buildSettings = {
				ALWAYS_SEARCH_USER_PATHS = NO;
				CLANG_ANALYZER_NONNULL = YES;
				CLANG_ANALYZER_NUMBER_OBJECT_CONVERSION = YES_AGGRESSIVE;
				CLANG_CXX_LANGUAGE_STANDARD = "gnu++17";
				CLANG_ENABLE_MODULES = YES;
				CLANG_ENABLE_OBJC_ARC = YES;
				CLANG_ENABLE_OBJC_WEAK = YES;
				CLANG_WARN_BLOCK_CAPTURE_AUTORELEASING = YES;
				CLANG_WARN_BOOL_CONVERSION = YES;
				CLANG_WARN_COMMA = YES;
				CLANG_WARN_CONSTANT_CONVERSION = YES;
				CLANG_WARN_DEPRECATED_OBJC_IMPLEMENTATIONS = YES;
				CLANG_WARN_DIRECT_OBJC_ISA_USAGE = YES_ERROR;
				CLANG_WARN_DOCUMENTATION_COMMENTS = YES;
				CLANG_WARN_EMPTY_BODY = YES;
				CLANG_WARN_ENUM_CONVERSION = YES;
				CLANG_WARN_INFINITE_RECURSION = YES;
				CLANG_WARN_INT_CONVERSION = YES;
				CLANG_WARN_NON_LITERAL_NULL_CONVERSION = YES;
				CLANG_WARN_OBJC_IMPLICIT_RETAIN_SELF = YES;
				CLANG_WARN_OBJC_LITERAL_CONVERSION = YES;
				CLANG_WARN_OBJC_ROOT_CLASS = YES_ERROR;
				CLANG_WARN_QUOTED_INCLUDE_IN_FRAMEWORK_HEADER = YES;
				CLANG_WARN_RANGE_LOOP_ANALYSIS = YES;
				CLANG_WARN_STRICT_PROTOTYPES = YES;
				CLANG_WARN_SUSPICIOUS_MOVE = YES;
				CLANG_WARN_UNGUARDED_AVAILABILITY = YES_AGGRESSIVE;
				CLANG_WARN_UNREACHABLE_CODE = YES;
				CLANG_WARN__DUPLICATE_METHOD_MATCH = YES;
				COPY_PHASE_STRIP = NO;
				DEBUG_INFORMATION_FORMAT = "dwarf-with-dsym";
				ENABLE_NS_ASSERTIONS = NO;
				ENABLE_STRICT_OBJC_MSGSEND = YES;
				GCC_C_LANGUAGE_STANDARD = gnu11;
				GCC_NO_COMMON_BLOCKS = YES;
				GCC_WARN_64_TO_32_BIT_CONVERSION = YES;
				GCC_WARN_ABOUT_RETURN_TYPE = YES_ERROR;
				GCC_WARN_UNDECLARED_SELECTOR = YES;
				GCC_WARN_UNINITIALIZED_AUTOS = YES_AGGRESSIVE;
				GCC_WARN_UNUSED_FUNCTION = YES;
				GCC_WARN_UNUSED_VARIABLE = YES;
				IPHONEOS_DEPLOYMENT_TARGET = 15.5;
				MTL_ENABLE_DEBUG_INFO = NO;
				MTL_FAST_MATH = YES;
				SDKROOT = iphoneos;
				SWIFT_COMPILATION_MODE = wholemodule;
				SWIFT_OPTIMIZATION_LEVEL = "-O";
				VALIDATE_PRODUCT = YES;
			};
			name = Release;
		};
		40A76C7328D7505700A1399E /* Debug */ = {
			isa = XCBuildConfiguration;
			buildSettings = {
				ASSETCATALOG_COMPILER_APPICON_NAME = AppIcon;
				ASSETCATALOG_COMPILER_GLOBAL_ACCENT_COLOR_NAME = AccentColor;
				CODE_SIGN_STYLE = Automatic;
				CURRENT_PROJECT_VERSION = 1;
				DEVELOPMENT_TEAM = AYUDH4AXL5;
				GENERATE_INFOPLIST_FILE = YES;
				INFOPLIST_FILE = BootcampKonuTekrari/Info.plist;
				INFOPLIST_KEY_UIApplicationSupportsIndirectInputEvents = YES;
				INFOPLIST_KEY_UILaunchStoryboardName = LaunchScreen;
				INFOPLIST_KEY_UIMainStoryboardFile = Main;
				INFOPLIST_KEY_UISupportedInterfaceOrientations_iPad = "UIInterfaceOrientationPortrait UIInterfaceOrientationPortraitUpsideDown UIInterfaceOrientationLandscapeLeft UIInterfaceOrientationLandscapeRight";
				INFOPLIST_KEY_UISupportedInterfaceOrientations_iPhone = "UIInterfaceOrientationPortrait UIInterfaceOrientationLandscapeLeft UIInterfaceOrientationLandscapeRight";
				LD_RUNPATH_SEARCH_PATHS = (
					"$(inherited)",
					"@executable_path/Frameworks",
				);
				MARKETING_VERSION = 1.0;
				PRODUCT_BUNDLE_IDENTIFIER = com.mertdemirtas.BootcampKonuTekrari;
				PRODUCT_NAME = "$(TARGET_NAME)";
				SWIFT_EMIT_LOC_STRINGS = YES;
				SWIFT_VERSION = 5.0;
				TARGETED_DEVICE_FAMILY = "1,2";
			};
			name = Debug;
		};
		40A76C7428D7505700A1399E /* Release */ = {
			isa = XCBuildConfiguration;
			buildSettings = {
				ASSETCATALOG_COMPILER_APPICON_NAME = AppIcon;
				ASSETCATALOG_COMPILER_GLOBAL_ACCENT_COLOR_NAME = AccentColor;
				CODE_SIGN_STYLE = Automatic;
				CURRENT_PROJECT_VERSION = 1;
				DEVELOPMENT_TEAM = AYUDH4AXL5;
				GENERATE_INFOPLIST_FILE = YES;
				INFOPLIST_FILE = BootcampKonuTekrari/Info.plist;
				INFOPLIST_KEY_UIApplicationSupportsIndirectInputEvents = YES;
				INFOPLIST_KEY_UILaunchStoryboardName = LaunchScreen;
				INFOPLIST_KEY_UIMainStoryboardFile = Main;
				INFOPLIST_KEY_UISupportedInterfaceOrientations_iPad = "UIInterfaceOrientationPortrait UIInterfaceOrientationPortraitUpsideDown UIInterfaceOrientationLandscapeLeft UIInterfaceOrientationLandscapeRight";
				INFOPLIST_KEY_UISupportedInterfaceOrientations_iPhone = "UIInterfaceOrientationPortrait UIInterfaceOrientationLandscapeLeft UIInterfaceOrientationLandscapeRight";
				LD_RUNPATH_SEARCH_PATHS = (
					"$(inherited)",
					"@executable_path/Frameworks",
				);
				MARKETING_VERSION = 1.0;
				PRODUCT_BUNDLE_IDENTIFIER = com.mertdemirtas.BootcampKonuTekrari;
				PRODUCT_NAME = "$(TARGET_NAME)";
				SWIFT_EMIT_LOC_STRINGS = YES;
				SWIFT_VERSION = 5.0;
				TARGETED_DEVICE_FAMILY = "1,2";
			};
			name = Release;
		};
/* End XCBuildConfiguration section */

/* Begin XCConfigurationList section */
		40A76C5928D7505600A1399E /* Build configuration list for PBXProject "BootcampKonuTekrari" */ = {
			isa = XCConfigurationList;
			buildConfigurations = (
				40A76C7028D7505700A1399E /* Debug */,
				40A76C7128D7505700A1399E /* Release */,
			);
			defaultConfigurationIsVisible = 0;
			defaultConfigurationName = Release;
		};
		40A76C7228D7505700A1399E /* Build configuration list for PBXNativeTarget "BootcampKonuTekrari" */ = {
			isa = XCConfigurationList;
			buildConfigurations = (
				40A76C7328D7505700A1399E /* Debug */,
				40A76C7428D7505700A1399E /* Release */,
			);
			defaultConfigurationIsVisible = 0;
			defaultConfigurationName = Release;
		};
/* End XCConfigurationList section */

/* Begin XCRemoteSwiftPackageReference section */
		409DE5E028D767EF0042D8C3 /* XCRemoteSwiftPackageReference "Kingfisher" */ = {
			isa = XCRemoteSwiftPackageReference;
			repositoryURL = "https://github.com/onevcat/Kingfisher.git";
			requirement = {
				kind = upToNextMajorVersion;
				minimumVersion = 7.0.0;
			};
		};
/* End XCRemoteSwiftPackageReference section */

/* Begin XCSwiftPackageProductDependency section */
		409DE5E128D767EF0042D8C3 /* Kingfisher */ = {
			isa = XCSwiftPackageProductDependency;
			package = 409DE5E028D767EF0042D8C3 /* XCRemoteSwiftPackageReference "Kingfisher" */;
			productName = Kingfisher;
		};
/* End XCSwiftPackageProductDependency section */
	};
	rootObject = 40A76C5628D7505600A1399E /* Project object */;
}
